
Microsoft Visual Studio Solution File, Format Version 12.00
# Visual Studio Version 16
VisualStudioVersion = 16.0.30907.101
MinimumVisualStudioVersion = 10.0.40219.1
Project("{FAE04EC0-301F-11D3-BF4B-00C04F79EFBC}") = "TMS.Net07.Homework.FactorialFibonacci.Easy", "TMS.Net07.Homework.FactorialFibonacci.Easy\TMS.Net07.Homework.FactorialFibonacci.Easy.csproj", "{59605798-C514-4E97-A07F-5ACDCD3FBE97}"
EndProject
Global
	GlobalSection(SolutionConfigurationPlatforms) = preSolution
		Debug|Any CPU = Debug|Any CPU
		Release|Any CPU = Release|Any CPU
	EndGlobalSection
	GlobalSection(ProjectConfigurationPlatforms) = postSolution
		{59605798-C514-4E97-A07F-5ACDCD3FBE97}.Debug|Any CPU.ActiveCfg = Debug|Any CPU
		{59605798-C514-4E97-A07F-5ACDCD3FBE97}.Debug|Any CPU.Build.0 = Debug|Any CPU
		{59605798-C514-4E97-A07F-5ACDCD3FBE97}.Release|Any CPU.ActiveCfg = Release|Any CPU
		{59605798-C514-4E97-A07F-5ACDCD3FBE97}.Release|Any CPU.Build.0 = Release|Any CPU
	EndGlobalSection
	GlobalSection(SolutionProperties) = preSolution
		HideSolutionNode = FALSE
	EndGlobalSection
	GlobalSection(ExtensibilityGlobals) = postSolution
		SolutionGuid = {C94D44D3-168A-4796-8F5E-BDC5DB9A60B1}
	EndGlobalSection
EndGlobal
