
Microsoft Visual Studio Solution File, Format Version 12.00
# Visual Studio Version 16
VisualStudioVersion = 16.0.30907.101
MinimumVisualStudioVersion = 10.0.40219.1
Project("{FAE04EC0-301F-11D3-BF4B-00C04F79EFBC}") = "TMS.Net07.Homework.ConverterCalculator.Medium", "TMS.Net07.Homework.ConverterCalculator.Medium\TMS.Net07.Homework.ConverterCalculator.Medium.csproj", "{03512D48-5C96-4A9E-A6D8-D8B5DB9995E7}"
EndProject
Global
	GlobalSection(SolutionConfigurationPlatforms) = preSolution
		Debug|Any CPU = Debug|Any CPU
		Release|Any CPU = Release|Any CPU
	EndGlobalSection
	GlobalSection(ProjectConfigurationPlatforms) = postSolution
		{03512D48-5C96-4A9E-A6D8-D8B5DB9995E7}.Debug|Any CPU.ActiveCfg = Debug|Any CPU
		{03512D48-5C96-4A9E-A6D8-D8B5DB9995E7}.Debug|Any CPU.Build.0 = Debug|Any CPU
		{03512D48-5C96-4A9E-A6D8-D8B5DB9995E7}.Release|Any CPU.ActiveCfg = Release|Any CPU
		{03512D48-5C96-4A9E-A6D8-D8B5DB9995E7}.Release|Any CPU.Build.0 = Release|Any CPU
	EndGlobalSection
	GlobalSection(SolutionProperties) = preSolution
		HideSolutionNode = FALSE
	EndGlobalSection
	GlobalSection(ExtensibilityGlobals) = postSolution
		SolutionGuid = {DF593190-A060-40AF-9711-03EE4CF70F62}
	EndGlobalSection
EndGlobal
